{
  "object": {
    "pins": [
      {
        "package": "eDistantObject",
        "repositoryURL": "https://github.com/stremsdoerfer/eDistantObject",
        "state": {
          "branch": "master",
          "revision": "7cd4c6bb3ca3f95ead5cf930889a0e1b5881daf5",
          "version": null
        }
      }
    ]
  },
  "version": 1
}
